{
  "name": "@kobalab/majiang-ui",
  "version": "0.4.0",
  "lockfileVersion": 2,
  "requires": true,
  "packages": {
    "": {
      "name": "@kobalab/majiang-ui",
      "version": "0.4.0",
      "license": "MIT",
      "dependencies": {
        "@kobalab/majiang-ai": "^0.6.4",
        "@kobalab/majiang-core": "^0.4.0",
        "jquery": "^3.6.0",
        "jquery-ui": "^1.13.2"
      }
    },
    "node_modules/@kobalab/majiang-ai": {
      "version": "0.6.4",
      "resolved": "https://registry.npmjs.org/@kobalab/majiang-ai/-/majiang-ai-0.6.4.tgz",
      "integrity": "sha512-P1cHYkzlq04FWCzFNX9DTBNEIzmIP24t2RRYy/pCuQzJ97jiDgbgX9IOzBlCWSuJnlzHT+Kl3sG1dE183cVvzQ==",
      "dependencies": {
        "@kobalab/majiang-core": "^0.4.0"
      }
    },
    "node_modules/@kobalab/majiang-core": {
      "version": "0.4.0",
      "resolved": "https://registry.npmjs.org/@kobalab/majiang-core/-/majiang-core-0.4.0.tgz",
      "integrity": "sha512-h5ZfhMn36q0sJfmi/PI++Dw/vJ6YdhvL6iJC3KN0GWQjKO+8gEIf+4tgxz5fEMXu0hw0+oGwVSaGIo9qiXhzig=="
    },
    "node_modules/jquery": {
      "version": "3.6.0",
      "license": "MIT"
    },
    "node_modules/jquery-ui": {
      "version": "1.13.2",
      "resolved": "https://registry.npmjs.org/jquery-ui/-/jquery-ui-1.13.2.tgz",
      "integrity": "sha512-wBZPnqWs5GaYJmo1Jj0k/mrSkzdQzKDwhXNtHKcBdAcKVxMM3KNYFq+iJ2i1rwiG53Z8M4mTn3Qxrm17uH1D4Q==",
      "dependencies": {
        "jquery": ">=1.8.0 <4.0.0"
      }
    }
  },
  "dependencies": {
    "@kobalab/majiang-ai": {
      "version": "0.6.4",
      "resolved": "https://registry.npmjs.org/@kobalab/majiang-ai/-/majiang-ai-0.6.4.tgz",
      "integrity": "sha512-P1cHYkzlq04FWCzFNX9DTBNEIzmIP24t2RRYy/pCuQzJ97jiDgbgX9IOzBlCWSuJnlzHT+Kl3sG1dE183cVvzQ==",
      "requires": {
        "@kobalab/majiang-core": "^0.4.0"
      }
    },
    "@kobalab/majiang-core": {
      "version": "0.4.0",
      "resolved": "https://registry.npmjs.org/@kobalab/majiang-core/-/majiang-core-0.4.0.tgz",
      "integrity": "sha512-h5ZfhMn36q0sJfmi/PI++Dw/vJ6YdhvL6iJC3KN0GWQjKO+8gEIf+4tgxz5fEMXu0hw0+oGwVSaGIo9qiXhzig=="
    },
    "jquery": {
      "version": "3.6.0"
    },
    "jquery-ui": {
      "version": "1.13.2",
      "resolved": "https://registry.npmjs.org/jquery-ui/-/jquery-ui-1.13.2.tgz",
      "integrity": "sha512-wBZPnqWs5GaYJmo1Jj0k/mrSkzdQzKDwhXNtHKcBdAcKVxMM3KNYFq+iJ2i1rwiG53Z8M4mTn3Qxrm17uH1D4Q==",
      "requires": {
        "jquery": ">=1.8.0 <4.0.0"
      }
    }
  }
}
