{
  "name": "@kobalab/majiang-ui",
  "version": "1.0.4",
  "lockfileVersion": 2,
  "requires": true,
  "packages": {
    "": {
      "name": "@kobalab/majiang-ui",
      "version": "1.0.4",
      "license": "MIT",
      "dependencies": {
        "@kobalab/majiang-ai": "^1.0.4",
        "@kobalab/majiang-core": "^1.1.0",
        "jquery": "^3.6.0",
        "jquery-ui": "^1.13.2"
      }
    },
    "node_modules/@kobalab/majiang-ai": {
      "version": "1.0.4",
      "resolved": "https://registry.npmjs.org/@kobalab/majiang-ai/-/majiang-ai-1.0.4.tgz",
      "integrity": "sha512-k8v86C0PDcfzsKTwScIAR9wKUzforlFQGlXHeJ+Sryt3i4R2pqioK2NlhcDcjEvwKgn/Lpqe+Ujv2qq/5U7f4w==",
      "dependencies": {
        "@kobalab/majiang-core": "^1.0.2"
      }
    },
    "node_modules/@kobalab/majiang-core": {
      "version": "1.1.0",
      "resolved": "https://registry.npmjs.org/@kobalab/majiang-core/-/majiang-core-1.1.0.tgz",
      "integrity": "sha512-VGQ0Zb3+jEMDLvbwBiwZ6tEvkCYDwiZtS/l+Jzi1xoT29r+xefjJ7TfgAvwcRKuBymwEfRD1sommnxTU9KcTJA=="
    },
    "node_modules/jquery": {
      "version": "3.6.0",
      "license": "MIT"
    },
    "node_modules/jquery-ui": {
      "version": "1.13.2",
      "resolved": "https://registry.npmjs.org/jquery-ui/-/jquery-ui-1.13.2.tgz",
      "integrity": "sha512-wBZPnqWs5GaYJmo1Jj0k/mrSkzdQzKDwhXNtHKcBdAcKVxMM3KNYFq+iJ2i1rwiG53Z8M4mTn3Qxrm17uH1D4Q==",
      "dependencies": {
        "jquery": ">=1.8.0 <4.0.0"
      }
    }
  },
  "dependencies": {
    "@kobalab/majiang-ai": {
      "version": "1.0.4",
      "resolved": "https://registry.npmjs.org/@kobalab/majiang-ai/-/majiang-ai-1.0.4.tgz",
      "integrity": "sha512-k8v86C0PDcfzsKTwScIAR9wKUzforlFQGlXHeJ+Sryt3i4R2pqioK2NlhcDcjEvwKgn/Lpqe+Ujv2qq/5U7f4w==",
      "requires": {
        "@kobalab/majiang-core": "^1.0.2"
      }
    },
    "@kobalab/majiang-core": {
      "version": "1.1.0",
      "resolved": "https://registry.npmjs.org/@kobalab/majiang-core/-/majiang-core-1.1.0.tgz",
      "integrity": "sha512-VGQ0Zb3+jEMDLvbwBiwZ6tEvkCYDwiZtS/l+Jzi1xoT29r+xefjJ7TfgAvwcRKuBymwEfRD1sommnxTU9KcTJA=="
    },
    "jquery": {
      "version": "3.6.0"
    },
    "jquery-ui": {
      "version": "1.13.2",
      "resolved": "https://registry.npmjs.org/jquery-ui/-/jquery-ui-1.13.2.tgz",
      "integrity": "sha512-wBZPnqWs5GaYJmo1Jj0k/mrSkzdQzKDwhXNtHKcBdAcKVxMM3KNYFq+iJ2i1rwiG53Z8M4mTn3Qxrm17uH1D4Q==",
      "requires": {
        "jquery": ">=1.8.0 <4.0.0"
      }
    }
  }
}
