{
  "name": "@kobalab/majiang-ui",
  "version": "1.4.5",
  "lockfileVersion": 2,
  "requires": true,
  "packages": {
    "": {
      "name": "@kobalab/majiang-ui",
      "version": "1.4.5",
      "license": "MIT",
      "dependencies": {
        "@kobalab/majiang-ai": "^1.0.10",
        "@kobalab/majiang-core": "^1.3.1",
        "jquery": "^3.7.1",
        "jquery-ui": "^1.13.2"
      }
    },
    "node_modules/@kobalab/majiang-ai": {
      "version": "1.0.10",
      "resolved": "https://registry.npmjs.org/@kobalab/majiang-ai/-/majiang-ai-1.0.10.tgz",
      "integrity": "sha512-yidLC2TM+ERETwNuPykLCbvPsxuaWxUVK/QOVcJ39W1Vi62aKpqLS4VwZ0ZcB4uUSfTZeMrDESlJwJUmzX+D3g==",
      "dependencies": {
        "@kobalab/majiang-core": "^1.2.1"
      }
    },
    "node_modules/@kobalab/majiang-core": {
      "version": "1.3.1",
      "resolved": "https://registry.npmjs.org/@kobalab/majiang-core/-/majiang-core-1.3.1.tgz",
      "integrity": "sha512-5qWMX05vnMZYfEUuNbk+DxY/5FVDiHAXBhsnqzt/D+8fS9h+7OSYjpYY1Lx/RLaJkOlH48Cz37UzyJEtj7zK3Q==",
      "license": "MIT"
    },
    "node_modules/jquery": {
      "version": "3.7.1",
      "resolved": "https://registry.npmjs.org/jquery/-/jquery-3.7.1.tgz",
      "integrity": "sha512-m4avr8yL8kmFN8psrbFFFmB/If14iN5o9nw/NgnnM+kybDJpRsAynV2BsfpTYrTRysYUdADVD7CkUUizgkpLfg=="
    },
    "node_modules/jquery-ui": {
      "version": "1.13.2",
      "resolved": "https://registry.npmjs.org/jquery-ui/-/jquery-ui-1.13.2.tgz",
      "integrity": "sha512-wBZPnqWs5GaYJmo1Jj0k/mrSkzdQzKDwhXNtHKcBdAcKVxMM3KNYFq+iJ2i1rwiG53Z8M4mTn3Qxrm17uH1D4Q==",
      "dependencies": {
        "jquery": ">=1.8.0 <4.0.0"
      }
    }
  },
  "dependencies": {
    "@kobalab/majiang-ai": {
      "version": "1.0.10",
      "resolved": "https://registry.npmjs.org/@kobalab/majiang-ai/-/majiang-ai-1.0.10.tgz",
      "integrity": "sha512-yidLC2TM+ERETwNuPykLCbvPsxuaWxUVK/QOVcJ39W1Vi62aKpqLS4VwZ0ZcB4uUSfTZeMrDESlJwJUmzX+D3g==",
      "requires": {
        "@kobalab/majiang-core": "^1.2.1"
      }
    },
    "@kobalab/majiang-core": {
      "version": "1.3.1",
      "resolved": "https://registry.npmjs.org/@kobalab/majiang-core/-/majiang-core-1.3.1.tgz",
      "integrity": "sha512-5qWMX05vnMZYfEUuNbk+DxY/5FVDiHAXBhsnqzt/D+8fS9h+7OSYjpYY1Lx/RLaJkOlH48Cz37UzyJEtj7zK3Q=="
    },
    "jquery": {
      "version": "3.7.1",
      "resolved": "https://registry.npmjs.org/jquery/-/jquery-3.7.1.tgz",
      "integrity": "sha512-m4avr8yL8kmFN8psrbFFFmB/If14iN5o9nw/NgnnM+kybDJpRsAynV2BsfpTYrTRysYUdADVD7CkUUizgkpLfg=="
    },
    "jquery-ui": {
      "version": "1.13.2",
      "resolved": "https://registry.npmjs.org/jquery-ui/-/jquery-ui-1.13.2.tgz",
      "integrity": "sha512-wBZPnqWs5GaYJmo1Jj0k/mrSkzdQzKDwhXNtHKcBdAcKVxMM3KNYFq+iJ2i1rwiG53Z8M4mTn3Qxrm17uH1D4Q==",
      "requires": {
        "jquery": ">=1.8.0 <4.0.0"
      }
    }
  }
}
